// !$*UTF8*$!
{
	archiveVersion = 1;
	classes = {
	};
	objectVersion = 46;
	objects = {

/* Begin PBXBuildFile section */
		985E24621E0B37EA003F0010 /* AppDelegate.swift in Sources */ = {isa = PBXBuildFile; fileRef = 985E24611E0B37EA003F0010 /* AppDelegate.swift */; };
		985E24641E0B37EA003F0010 /* ViewController.swift in Sources */ = {isa = PBXBuildFile; fileRef = 985E24631E0B37EA003F0010 /* ViewController.swift */; };
		985E24671E0B37EA003F0010 /* Main.storyboard in Resources */ = {isa = PBXBuildFile; fileRef = 985E24651E0B37EA003F0010 /* Main.storyboard */; };
		985E24691E0B37EA003F0010 /* Assets.xcassets in Resources */ = {isa = PBXBuildFile; fileRef = 985E24681E0B37EA003F0010 /* Assets.xcassets */; };
		985E246C1E0B37EA003F0010 /* LaunchScreen.storyboard in Resources */ = {isa = PBXBuildFile; fileRef = 985E246A1E0B37EA003F0010 /* LaunchScreen.storyboard */; };
/* End PBXBuildFile section */

/* Begin PBXFileReference section */
		985E245E1E0B37EA003F0010 /* Emoji Library.app */ = {isa = PBXFileReference; explicitFileType = wrapper.application; includeInIndex = 0; path = "Emoji Library.app"; sourceTree = BUILT_PRODUCTS_DIR; };
		985E24611E0B37EA003F0010 /* AppDelegate.swift */ = {isa = PBXFileReference; lastKnownFileType = sourcecode.swift; path = AppDelegate.swift; sourceTree = "<group>"; };
		985E24631E0B37EA003F0010 /* ViewController.swift */ = {isa = PBXFileReference; lastKnownFileType = sourcecode.swift; path = ViewController.swift; sourceTree = "<group>"; };
		985E24661E0B37EA003F0010 /* Base */ = {isa = PBXFileReference; lastKnownFileType = file.storyboard; name = Base; path = Base.lproj/Main.storyboard; sourceTree = "<group>"; };
		985E24681E0B37EA003F0010 /* Assets.xcassets */ = {isa = PBXFileReference; lastKnownFileType = folder.assetcatalog; path = Assets.xcassets; sourceTree = "<group>"; };
		985E246B1E0B37EA003F0010 /* Base */ = {isa = PBXFileReference; lastKnownFileType = file.storyboard; name = Base; path = Base.lproj/LaunchScreen.storyboard; sourceTree = "<group>"; };
		985E246D1E0B37EA003F0010 /* Info.plist */ = {isa = PBXFileReference; lastKnownFileType = text.plist.xml; path = Info.plist; sourceTree = "<group>"; };
/* End PBXFileReference section */

/* Begin PBXFrameworksBuildPhase section */
		985E245B1E0B37E9003F0010 /* Frameworks */ = {
			isa = PBXFrameworksBuildPhase;
			buildActionMask = 2147483647;
			files = (
			);
			runOnlyForDeploymentPostprocessing = 0;
		};
/* End PBXFrameworksBuildPhase section */

/* Begin PBXGroup section */
		985E24551E0B37E9003F0010 = {
			isa = PBXGroup;
			children = (
				985E24601E0B37EA003F0010 /* Emoji Library */,
				985E245F1E0B37EA003F0010 /* Products */,
			);
			sourceTree = "<group>";
		};
		985E245F1E0B37EA003F0010 /* Products */ = {
			isa = PBXGroup;
			children = (
				985E245E1E0B37EA003F0010 /* Emoji Library.app */,
			);
			name = Products;
			sourceTree = "<group>";
		};
		985E24601E0B37EA003F0010 /* Emoji Library */ = {
			isa = PBXGroup;
			children = (
				985E24611E0B37EA003F0010 /* AppDelegate.swift */,
				985E24631E0B37EA003F0010 /* ViewController.swift */,
				985E24651E0B37EA003F0010 /* Main.storyboard */,
				985E24681E0B37EA003F0010 /* Assets.xcassets */,
				985E246A1E0B37EA003F0010 /* LaunchScreen.storyboard */,
				985E246D1E0B37EA003F0010 /* Info.plist */,
			);
			path = "Emoji Library";
			sourceTree = "<group>";
		};
/* End PBXGroup section */

/* Begin PBXNativeTarget section */
		985E245D1E0B37E9003F0010 /* Emoji Library */ = {
			isa = PBXNativeTarget;
			buildConfigurationList = 985E24701E0B37EA003F0010 /* Build configuration list for PBXNativeTarget "Emoji Library" */;
			buildPhases = (
				985E245A1E0B37E9003F0010 /* Sources */,
				985E245B1E0B37E9003F0010 /* Frameworks */,
				985E245C1E0B37E9003F0010 /* Resources */,
			);
			buildRules = (
			);
			dependencies = (
			);
			name = "Emoji Library";
			productName = "Emoji Library";
			productReference = 985E245E1E0B37EA003F0010 /* Emoji Library.app */;
			productType = "com.apple.product-type.application";
		};
/* End PBXNativeTarget section */

/* Begin PBXProject section */
		985E24561E0B37E9003F0010 /* Project object */ = {
			isa = PBXProject;
			attributes = {
				LastSwiftUpdateCheck = 0820;
				LastUpgradeCheck = 0820;
				ORGANIZATIONNAME = "David Roddy";
				TargetAttributes = {
					985E245D1E0B37E9003F0010 = {
						CreatedOnToolsVersion = 8.2;
						DevelopmentTeam = L7UBP2M73C;
						ProvisioningStyle = Automatic;
					};
				};
			};
			buildConfigurationList = 985E24591E0B37E9003F0010 /* Build configuration list for PBXProject "Emoji Library" */;
			compatibilityVersion = "Xcode 3.2";
			developmentRegion = English;
			hasScannedForEncodings = 0;
			knownRegions = (
				en,
				Base,
			);
			mainGroup = 985E24551E0B37E9003F0010;
			productRefGroup = 985E245F1E0B37EA003F0010 /* Products */;
			projectDirPath = "";
			projectRoot = "";
			targets = (
				985E245D1E0B37E9003F0010 /* Emoji Library */,
			);
		};
/* End PBXProject section */

/* Begin PBXResourcesBuildPhase section */
		985E245C1E0B37E9003F0010 /* Resources */ = {
			isa = PBXResourcesBuildPhase;
			buildActionMask = 2147483647;
			files = (
				985E246C1E0B37EA003F0010 /* LaunchScreen.storyboard in Resources */,
				985E24691E0B37EA003F0010 /* Assets.xcassets in Resources */,
				985E24671E0B37EA003F0010 /* Main.storyboard in Resources */,
			);
			runOnlyForDeploymentPostprocessing = 0;
		};
/* End PBXResourcesBuildPhase section */

/* Begin PBXSourcesBuildPhase section */
		985E245A1E0B37E9003F0010 /* Sources */ = {
			isa = PBXSourcesBuildPhase;
			buildActionMask = 2147483647;
			files = (
				985E24641E0B37EA003F0010 /* ViewController.swift in Sources */,
				985E24621E0B37EA003F0010 /* AppDelegate.swift in Sources */,
			);
			runOnlyForDeploymentPostprocessing = 0;
		};
/* End PBXSourcesBuildPhase section */

/* Begin PBXVariantGroup section */
		985E24651E0B37EA003F0010 /* Main.storyboard */ = {
			isa = PBXVariantGroup;
			children = (
				985E24661E0B37EA003F0010 /* Base */,
			);
			name = Main.storyboard;
			sourceTree = "<group>";
		};
		985E246A1E0B37EA003F0010 /* LaunchScreen.storyboard */ = {
			isa = PBXVariantGroup;
			children = (
				985E246B1E0B37EA003F0010 /* Base */,
			);
			name = LaunchScreen.storyboard;
			sourceTree = "<group>";
		};
/* End PBXVariantGroup section */

/* Begin XCBuildConfiguration section */
		985E246E1E0B37EA003F0010 /* Debug */ = {
			isa = XCBuildConfiguration;
			buildSettings = {
				ALWAYS_SEARCH_USER_PATHS = NO;
				CLANG_ANALYZER_NONNULL = YES;
				CLANG_CXX_LANGUAGE_STANDARD = "gnu++0x";
				CLANG_CXX_LIBRARY = "libc++";
				CLANG_ENABLE_MODULES = YES;
				CLANG_ENABLE_OBJC_ARC = YES;
				CLANG_WARN_BOOL_CONVERSION = YES;
				CLANG_WARN_CONSTANT_CONVERSION = YES;
				CLANG_WARN_DIRECT_OBJC_ISA_USAGE = YES_ERROR;
				CLANG_WARN_DOCUMENTATION_COMMENTS = YES;
				CLANG_WARN_EMPTY_BODY = YES;
				CLANG_WARN_ENUM_CONVERSION = YES;
				CLANG_WARN_INFINITE_RECURSION = YES;
				CLANG_WARN_INT_CONVERSION = YES;
				CLANG_WARN_OBJC_ROOT_CLASS = YES_ERROR;
				CLANG_WARN_SUSPICIOUS_MOVE = YES;
				CLANG_WARN_UNREACHABLE_CODE = YES;
				CLANG_WARN__DUPLICATE_METHOD_MATCH = YES;
				"CODE_SIGN_IDENTITY[sdk=iphoneos*]" = "iPhone Developer";
				COPY_PHASE_STRIP = NO;
				DEBUG_INFORMATION_FORMAT = dwarf;
				ENABLE_STRICT_OBJC_MSGSEND = YES;
				ENABLE_TESTABILITY = YES;
				GCC_C_LANGUAGE_STANDARD = gnu99;
				GCC_DYNAMIC_NO_PIC = NO;
				GCC_NO_COMMON_BLOCKS = YES;
				GCC_OPTIMIZATION_LEVEL = 0;
				GCC_PREPROCESSOR_DEFINITIONS = (
					"DEBUG=1",
					"$(inherited)",
				);
				GCC_WARN_64_TO_32_BIT_CONVERSION = YES;
				GCC_WARN_ABOUT_RETURN_TYPE = YES_ERROR;
				GCC_WARN_UNDECLARED_SELECTOR = YES;
				GCC_WARN_UNINITIALIZED_AUTOS = YES_AGGRESSIVE;
				GCC_WARN_UNUSED_FUNCTION = YES;
				GCC_WARN_UNUSED_VARIABLE = YES;
				IPHONEOS_DEPLOYMENT_TARGET = 10.2;
				MTL_ENABLE_DEBUG_INFO = YES;
				ONLY_ACTIVE_ARCH = YES;
				SDKROOT = iphoneos;
				SWIFT_ACTIVE_COMPILATION_CONDITIONS = DEBUG;
				SWIFT_OPTIMIZATION_LEVEL = "-Onone";
				TARGETED_DEVICE_FAMILY = "1,2";
			};
			name = Debug;
		};
		985E246F1E0B37EA003F0010 /* Release */ = {
			isa = XCBuildConfiguration;
			buildSettings = {
				ALWAYS_SEARCH_USER_PATHS = NO;
				CLANG_ANALYZER_NONNULL = YES;
				CLANG_CXX_LANGUAGE_STANDARD = "gnu++0x";
				CLANG_CXX_LIBRARY = "libc++";
				CLANG_ENABLE_MODULES = YES;
				CLANG_ENABLE_OBJC_ARC = YES;
				CLANG_WARN_BOOL_CONVERSION = YES;
				CLANG_WARN_CONSTANT_CONVERSION = YES;
				CLANG_WARN_DIRECT_OBJC_ISA_USAGE = YES_ERROR;
				CLANG_WARN_DOCUMENTATION_COMMENTS = YES;
				CLANG_WARN_EMPTY_BODY = YES;
				CLANG_WARN_ENUM_CONVERSION = YES;
				CLANG_WARN_INFINITE_RECURSION = YES;
				CLANG_WARN_INT_CONVERSION = YES;
				CLANG_WARN_OBJC_ROOT_CLASS = YES_ERROR;
				CLANG_WARN_SUSPICIOUS_MOVE = YES;
				CLANG_WARN_UNREACHABLE_CODE = YES;
				CLANG_WARN__DUPLICATE_METHOD_MATCH = YES;
				"CODE_SIGN_IDENTITY[sdk=iphoneos*]" = "iPhone Developer";
				COPY_PHASE_STRIP = NO;
				DEBUG_INFORMATION_FORMAT = "dwarf-with-dsym";
				ENABLE_NS_ASSERTIONS = NO;
				ENABLE_STRICT_OBJC_MSGSEND = YES;
				GCC_C_LANGUAGE_STANDARD = gnu99;
				GCC_NO_COMMON_BLOCKS = YES;
				GCC_WARN_64_TO_32_BIT_CONVERSION = YES;
				GCC_WARN_ABOUT_RETURN_TYPE = YES_ERROR;
				GCC_WARN_UNDECLARED_SELECTOR = YES;
				GCC_WARN_UNINITIALIZED_AUTOS = YES_AGGRESSIVE;
				GCC_WARN_UNUSED_FUNCTION = YES;
				GCC_WARN_UNUSED_VARIABLE = YES;
				IPHONEOS_DEPLOYMENT_TARGET = 10.2;
				MTL_ENABLE_DEBUG_INFO = NO;
				SDKROOT = iphoneos;
				SWIFT_OPTIMIZATION_LEVEL = "-Owholemodule";
				TARGETED_DEVICE_FAMILY = "1,2";
				VALIDATE_PRODUCT = YES;
			};
			name = Release;
		};
		985E24711E0B37EA003F0010 /* Debug */ = {
			isa = XCBuildConfiguration;
			buildSettings = {
				ASSETCATALOG_COMPILER_APPICON_NAME = AppIcon;
				DEVELOPMENT_TEAM = L7UBP2M73C;
				INFOPLIST_FILE = "Emoji Library/Info.plist";
				LD_RUNPATH_SEARCH_PATHS = "$(inherited) @executable_path/Frameworks";
				PRODUCT_BUNDLE_IDENTIFIER = "Loopta-Technologies.Emoji-Library";
				PRODUCT_NAME = "$(TARGET_NAME)";
				SWIFT_VERSION = 3.0;
			};
			name = Debug;
		};
		985E24721E0B37EA003F0010 /* Release */ = {
			isa = XCBuildConfiguration;
			buildSettings = {
				ASSETCATALOG_COMPILER_APPICON_NAME = AppIcon;
				DEVELOPMENT_TEAM = L7UBP2M73C;
				INFOPLIST_FILE = "Emoji Library/Info.plist";
				LD_RUNPATH_SEARCH_PATHS = "$(inherited) @executable_path/Frameworks";
				PRODUCT_BUNDLE_IDENTIFIER = "Loopta-Technologies.Emoji-Library";
				PRODUCT_NAME = "$(TARGET_NAME)";
				SWIFT_VERSION = 3.0;
			};
			name = Release;
		};
/* End XCBuildConfiguration section */

/* Begin XCConfigurationList section */
		985E24591E0B37E9003F0010 /* Build configuration list for PBXProject "Emoji Library" */ = {
			isa = XCConfigurationList;
			buildConfigurations = (
				985E246E1E0B37EA003F0010 /* Debug */,
				985E246F1E0B37EA003F0010 /* Release */,
			);
			defaultConfigurationIsVisible = 0;
			defaultConfigurationName = Release;
		};
		985E24701E0B37EA003F0010 /* Build configuration list for PBXNativeTarget "Emoji Library" */ = {
			isa = XCConfigurationList;
			buildConfigurations = (
				985E24711E0B37EA003F0010 /* Debug */,
				985E24721E0B37EA003F0010 /* Release */,
			);
			defaultConfigurationIsVisible = 0;
		};
/* End XCConfigurationList section */
	};
	rootObject = 985E24561E0B37E9003F0010 /* Project object */;
}
